
Microsoft Visual Studio Solution File, Format Version 12.00
# Visual Studio 14
VisualStudioVersion = 14.0.25420.1
MinimumVisualStudioVersion = 10.0.40219.1
Project("{2150E333-8FDC-42A3-9474-1A3956D46DE8}") = "src", "src", "{5B585D48-0BC4-44B9-BF88-E614DAB0C734}"
EndProject
Project("{2150E333-8FDC-42A3-9474-1A3956D46DE8}") = "Solution Items", "Solution Items", "{F4D804A7-6225-4E44-8F8F-C148759E5DDA}"
	ProjectSection(SolutionItems) = preProject
		global.json = global.json
	EndProjectSection
EndProject
Project("{8BB2217D-0F2D-49D1-97BC-3654ED321F3B}") = "hello-net-core", "src\hello-net-core\hello-net-core.xproj", "{B1A4994A-5752-4376-8140-A9780CC8277F}"
EndProject
Global
	GlobalSection(SolutionConfigurationPlatforms) = preSolution
		Debug|Any CPU = Debug|Any CPU
		Release|Any CPU = Release|Any CPU
	EndGlobalSection
	GlobalSection(ProjectConfigurationPlatforms) = postSolution
		{B1A4994A-5752-4376-8140-A9780CC8277F}.Debug|Any CPU.ActiveCfg = Debug|Any CPU
		{B1A4994A-5752-4376-8140-A9780CC8277F}.Debug|Any CPU.Build.0 = Debug|Any CPU
		{B1A4994A-5752-4376-8140-A9780CC8277F}.Release|Any CPU.ActiveCfg = Release|Any CPU
		{B1A4994A-5752-4376-8140-A9780CC8277F}.Release|Any CPU.Build.0 = Release|Any CPU
	EndGlobalSection
	GlobalSection(SolutionProperties) = preSolution
		HideSolutionNode = FALSE
	EndGlobalSection
	GlobalSection(NestedProjects) = preSolution
		{B1A4994A-5752-4376-8140-A9780CC8277F} = {5B585D48-0BC4-44B9-BF88-E614DAB0C734}
	EndGlobalSection
EndGlobal
